
Microsoft Visual Studio Solution File, Format Version 12.00
# Visual Studio Version 17
VisualStudioVersion = 17.5.33516.290
MinimumVisualStudioVersion = 10.0.40219.1
Project("{FAE04EC0-301F-11D3-BF4B-00C04F79EFBC}") = "Rabotnik", "Rabotnik\Rabotnik.csproj", "{C228F437-42C1-473F-A278-F93EB69C6B73}"
EndProject
Global
	GlobalSection(SolutionConfigurationPlatforms) = preSolution
		Debug|Any CPU = Debug|Any CPU
		Release|Any CPU = Release|Any CPU
	EndGlobalSection
	GlobalSection(ProjectConfigurationPlatforms) = postSolution
		{C228F437-42C1-473F-A278-F93EB69C6B73}.Debug|Any CPU.ActiveCfg = Debug|Any CPU
		{C228F437-42C1-473F-A278-F93EB69C6B73}.Debug|Any CPU.Build.0 = Debug|Any CPU
		{C228F437-42C1-473F-A278-F93EB69C6B73}.Release|Any CPU.ActiveCfg = Release|Any CPU
		{C228F437-42C1-473F-A278-F93EB69C6B73}.Release|Any CPU.Build.0 = Release|Any CPU
	EndGlobalSection
	GlobalSection(SolutionProperties) = preSolution
		HideSolutionNode = FALSE
	EndGlobalSection
	GlobalSection(ExtensibilityGlobals) = postSolution
		SolutionGuid = {6A0AE584-710C-4E71-B099-762038B2B206}
	EndGlobalSection
EndGlobal
